// !$*UTF8*$!
{
	archiveVersion = 1;
	classes = {
	};
	objectVersion = 46;
	objects = {

/* Begin PBXBuildFile section */
		46F103F31F6D481E00F429D6 /* AppDelegate.swift in Sources */ = {isa = PBXBuildFile; fileRef = 46F103F21F6D481E00F429D6 /* AppDelegate.swift */; };
		46F103F51F6D481E00F429D6 /* ViewController.swift in Sources */ = {isa = PBXBuildFile; fileRef = 46F103F41F6D481E00F429D6 /* ViewController.swift */; };
		46F103F81F6D481E00F429D6 /* Main.storyboard in Resources */ = {isa = PBXBuildFile; fileRef = 46F103F61F6D481E00F429D6 /* Main.storyboard */; };
		46F103FA1F6D481E00F429D6 /* Assets.xcassets in Resources */ = {isa = PBXBuildFile; fileRef = 46F103F91F6D481E00F429D6 /* Assets.xcassets */; };
		46F103FD1F6D481E00F429D6 /* LaunchScreen.storyboard in Resources */ = {isa = PBXBuildFile; fileRef = 46F103FB1F6D481E00F429D6 /* LaunchScreen.storyboard */; };
		46F104051F6D48D200F429D6 /* ImageCollectionCell.swift in Sources */ = {isa = PBXBuildFile; fileRef = 46F104041F6D48D200F429D6 /* ImageCollectionCell.swift */; };
		46F835E21F70DA2700913E3A /* ShareViewController.swift in Sources */ = {isa = PBXBuildFile; fileRef = 46F835E11F70DA2700913E3A /* ShareViewController.swift */; };
		46F835E51F70DA2700913E3A /* MainInterface.storyboard in Resources */ = {isa = PBXBuildFile; fileRef = 46F835E31F70DA2700913E3A /* MainInterface.storyboard */; };
		46F835E91F70DA2700913E3A /* ImageShare.appex in Embed App Extensions */ = {isa = PBXBuildFile; fileRef = 46F835DF1F70DA2700913E3A /* ImageShare.appex */; settings = {ATTRIBUTES = (RemoveHeadersOnCopy, ); }; };
		46F835F11F70DCB400913E3A /* ShareImageCollectionCell.swift in Sources */ = {isa = PBXBuildFile; fileRef = 46F835F01F70DCB400913E3A /* ShareImageCollectionCell.swift */; };
/* End PBXBuildFile section */

/* Begin PBXContainerItemProxy section */
		46F835E71F70DA2700913E3A /* PBXContainerItemProxy */ = {
			isa = PBXContainerItemProxy;
			containerPortal = 46F103E71F6D481E00F429D6 /* Project object */;
			proxyType = 1;
			remoteGlobalIDString = 46F835DE1F70DA2700913E3A;
			remoteInfo = ImageShare;
		};
/* End PBXContainerItemProxy section */

/* Begin PBXCopyFilesBuildPhase section */
		46F835ED1F70DA2700913E3A /* Embed App Extensions */ = {
			isa = PBXCopyFilesBuildPhase;
			buildActionMask = 2147483647;
			dstPath = "";
			dstSubfolderSpec = 13;
			files = (
				46F835E91F70DA2700913E3A /* ImageShare.appex in Embed App Extensions */,
			);
			name = "Embed App Extensions";
			runOnlyForDeploymentPostprocessing = 0;
		};
/* End PBXCopyFilesBuildPhase section */

/* Begin PBXFileReference section */
		46F103EF1F6D481E00F429D6 /* ImagePicker.app */ = {isa = PBXFileReference; explicitFileType = wrapper.application; includeInIndex = 0; path = ImagePicker.app; sourceTree = BUILT_PRODUCTS_DIR; };
		46F103F21F6D481E00F429D6 /* AppDelegate.swift */ = {isa = PBXFileReference; lastKnownFileType = sourcecode.swift; path = AppDelegate.swift; sourceTree = "<group>"; };
		46F103F41F6D481E00F429D6 /* ViewController.swift */ = {isa = PBXFileReference; lastKnownFileType = sourcecode.swift; path = ViewController.swift; sourceTree = "<group>"; };
		46F103F71F6D481E00F429D6 /* Base */ = {isa = PBXFileReference; lastKnownFileType = file.storyboard; name = Base; path = Base.lproj/Main.storyboard; sourceTree = "<group>"; };
		46F103F91F6D481E00F429D6 /* Assets.xcassets */ = {isa = PBXFileReference; lastKnownFileType = folder.assetcatalog; path = Assets.xcassets; sourceTree = "<group>"; };
		46F103FC1F6D481E00F429D6 /* Base */ = {isa = PBXFileReference; lastKnownFileType = file.storyboard; name = Base; path = Base.lproj/LaunchScreen.storyboard; sourceTree = "<group>"; };
		46F103FE1F6D481E00F429D6 /* Info.plist */ = {isa = PBXFileReference; lastKnownFileType = text.plist.xml; path = Info.plist; sourceTree = "<group>"; };
		46F104041F6D48D200F429D6 /* ImageCollectionCell.swift */ = {isa = PBXFileReference; fileEncoding = 4; lastKnownFileType = sourcecode.swift; path = ImageCollectionCell.swift; sourceTree = "<group>"; };
		46F835DF1F70DA2700913E3A /* ImageShare.appex */ = {isa = PBXFileReference; explicitFileType = "wrapper.app-extension"; includeInIndex = 0; path = ImageShare.appex; sourceTree = BUILT_PRODUCTS_DIR; };
		46F835E11F70DA2700913E3A /* ShareViewController.swift */ = {isa = PBXFileReference; lastKnownFileType = sourcecode.swift; path = ShareViewController.swift; sourceTree = "<group>"; };
		46F835E41F70DA2700913E3A /* Base */ = {isa = PBXFileReference; lastKnownFileType = file.storyboard; name = Base; path = Base.lproj/MainInterface.storyboard; sourceTree = "<group>"; };
		46F835E61F70DA2700913E3A /* Info.plist */ = {isa = PBXFileReference; lastKnownFileType = text.plist.xml; path = Info.plist; sourceTree = "<group>"; };
		46F835EE1F70DA9600913E3A /* ImagePicker.entitlements */ = {isa = PBXFileReference; lastKnownFileType = text.plist.entitlements; path = ImagePicker.entitlements; sourceTree = "<group>"; };
		46F835EF1F70DB3A00913E3A /* ImageShare.entitlements */ = {isa = PBXFileReference; lastKnownFileType = text.plist.entitlements; path = ImageShare.entitlements; sourceTree = "<group>"; };
		46F835F01F70DCB400913E3A /* ShareImageCollectionCell.swift */ = {isa = PBXFileReference; fileEncoding = 4; lastKnownFileType = sourcecode.swift; path = ShareImageCollectionCell.swift; sourceTree = "<group>"; };
/* End PBXFileReference section */

/* Begin PBXFrameworksBuildPhase section */
		46F103EC1F6D481E00F429D6 /* Frameworks */ = {
			isa = PBXFrameworksBuildPhase;
			buildActionMask = 2147483647;
			files = (
			);
			runOnlyForDeploymentPostprocessing = 0;
		};
		46F835DC1F70DA2700913E3A /* Frameworks */ = {
			isa = PBXFrameworksBuildPhase;
			buildActionMask = 2147483647;
			files = (
			);
			runOnlyForDeploymentPostprocessing = 0;
		};
/* End PBXFrameworksBuildPhase section */

/* Begin PBXGroup section */
		46F103E61F6D481E00F429D6 = {
			isa = PBXGroup;
			children = (
				46F103F11F6D481E00F429D6 /* ImagePicker */,
				46F835E01F70DA2700913E3A /* ImageShare */,
				46F103F01F6D481E00F429D6 /* Products */,
			);
			sourceTree = "<group>";
		};
		46F103F01F6D481E00F429D6 /* Products */ = {
			isa = PBXGroup;
			children = (
				46F103EF1F6D481E00F429D6 /* ImagePicker.app */,
				46F835DF1F70DA2700913E3A /* ImageShare.appex */,
			);
			name = Products;
			sourceTree = "<group>";
		};
		46F103F11F6D481E00F429D6 /* ImagePicker */ = {
			isa = PBXGroup;
			children = (
				46F835EE1F70DA9600913E3A /* ImagePicker.entitlements */,
				46F103F21F6D481E00F429D6 /* AppDelegate.swift */,
				46F103F41F6D481E00F429D6 /* ViewController.swift */,
				46F103F61F6D481E00F429D6 /* Main.storyboard */,
				46F103F91F6D481E00F429D6 /* Assets.xcassets */,
				46F103FB1F6D481E00F429D6 /* LaunchScreen.storyboard */,
				46F103FE1F6D481E00F429D6 /* Info.plist */,
				46F104041F6D48D200F429D6 /* ImageCollectionCell.swift */,
			);
			path = ImagePicker;
			sourceTree = "<group>";
		};
		46F835E01F70DA2700913E3A /* ImageShare */ = {
			isa = PBXGroup;
			children = (
				46F835EF1F70DB3A00913E3A /* ImageShare.entitlements */,
				46F835E31F70DA2700913E3A /* MainInterface.storyboard */,
				46F835E61F70DA2700913E3A /* Info.plist */,
				46F835F01F70DCB400913E3A /* ShareImageCollectionCell.swift */,
				46F835E11F70DA2700913E3A /* ShareViewController.swift */,
			);
			path = ImageShare;
			sourceTree = "<group>";
		};
/* End PBXGroup section */

/* Begin PBXNativeTarget section */
		46F103EE1F6D481E00F429D6 /* ImagePicker */ = {
			isa = PBXNativeTarget;
			buildConfigurationList = 46F104011F6D481E00F429D6 /* Build configuration list for PBXNativeTarget "ImagePicker" */;
			buildPhases = (
				46F103EB1F6D481E00F429D6 /* Sources */,
				46F103EC1F6D481E00F429D6 /* Frameworks */,
				46F103ED1F6D481E00F429D6 /* Resources */,
				46F835ED1F70DA2700913E3A /* Embed App Extensions */,
			);
			buildRules = (
			);
			dependencies = (
				46F835E81F70DA2700913E3A /* PBXTargetDependency */,
			);
			name = ImagePicker;
			productName = ImagePicker;
			productReference = 46F103EF1F6D481E00F429D6 /* ImagePicker.app */;
			productType = "com.apple.product-type.application";
		};
		46F835DE1F70DA2700913E3A /* ImageShare */ = {
			isa = PBXNativeTarget;
			buildConfigurationList = 46F835EC1F70DA2700913E3A /* Build configuration list for PBXNativeTarget "ImageShare" */;
			buildPhases = (
				46F835DB1F70DA2700913E3A /* Sources */,
				46F835DC1F70DA2700913E3A /* Frameworks */,
				46F835DD1F70DA2700913E3A /* Resources */,
			);
			buildRules = (
			);
			dependencies = (
			);
			name = ImageShare;
			productName = ImageShare;
			productReference = 46F835DF1F70DA2700913E3A /* ImageShare.appex */;
			productType = "com.apple.product-type.app-extension";
		};
/* End PBXNativeTarget section */

/* Begin PBXProject section */
		46F103E71F6D481E00F429D6 /* Project object */ = {
			isa = PBXProject;
			attributes = {
				LastSwiftUpdateCheck = 0830;
				LastUpgradeCheck = 0830;
				ORGANIZATIONNAME = Nickelfox;
				TargetAttributes = {
					46F103EE1F6D481E00F429D6 = {
						CreatedOnToolsVersion = 8.3.3;
						DevelopmentTeam = NY45473NT8;
						ProvisioningStyle = Automatic;
						SystemCapabilities = {
							com.apple.ApplicationGroups.iOS = {
								enabled = 1;
							};
						};
					};
					46F835DE1F70DA2700913E3A = {
						CreatedOnToolsVersion = 8.3.3;
						DevelopmentTeam = NY45473NT8;
						ProvisioningStyle = Automatic;
						SystemCapabilities = {
							com.apple.ApplicationGroups.iOS = {
								enabled = 1;
							};
						};
					};
				};
			};
			buildConfigurationList = 46F103EA1F6D481E00F429D6 /* Build configuration list for PBXProject "ImagePicker" */;
			compatibilityVersion = "Xcode 3.2";
			developmentRegion = English;
			hasScannedForEncodings = 0;
			knownRegions = (
				en,
				Base,
			);
			mainGroup = 46F103E61F6D481E00F429D6;
			productRefGroup = 46F103F01F6D481E00F429D6 /* Products */;
			projectDirPath = "";
			projectRoot = "";
			targets = (
				46F103EE1F6D481E00F429D6 /* ImagePicker */,
				46F835DE1F70DA2700913E3A /* ImageShare */,
			);
		};
/* End PBXProject section */

/* Begin PBXResourcesBuildPhase section */
		46F103ED1F6D481E00F429D6 /* Resources */ = {
			isa = PBXResourcesBuildPhase;
			buildActionMask = 2147483647;
			files = (
				46F103FD1F6D481E00F429D6 /* LaunchScreen.storyboard in Resources */,
				46F103FA1F6D481E00F429D6 /* Assets.xcassets in Resources */,
				46F103F81F6D481E00F429D6 /* Main.storyboard in Resources */,
			);
			runOnlyForDeploymentPostprocessing = 0;
		};
		46F835DD1F70DA2700913E3A /* Resources */ = {
			isa = PBXResourcesBuildPhase;
			buildActionMask = 2147483647;
			files = (
				46F835E51F70DA2700913E3A /* MainInterface.storyboard in Resources */,
			);
			runOnlyForDeploymentPostprocessing = 0;
		};
/* End PBXResourcesBuildPhase section */

/* Begin PBXSourcesBuildPhase section */
		46F103EB1F6D481E00F429D6 /* Sources */ = {
			isa = PBXSourcesBuildPhase;
			buildActionMask = 2147483647;
			files = (
				46F104051F6D48D200F429D6 /* ImageCollectionCell.swift in Sources */,
				46F103F51F6D481E00F429D6 /* ViewController.swift in Sources */,
				46F103F31F6D481E00F429D6 /* AppDelegate.swift in Sources */,
			);
			runOnlyForDeploymentPostprocessing = 0;
		};
		46F835DB1F70DA2700913E3A /* Sources */ = {
			isa = PBXSourcesBuildPhase;
			buildActionMask = 2147483647;
			files = (
				46F835E21F70DA2700913E3A /* ShareViewController.swift in Sources */,
				46F835F11F70DCB400913E3A /* ShareImageCollectionCell.swift in Sources */,
			);
			runOnlyForDeploymentPostprocessing = 0;
		};
/* End PBXSourcesBuildPhase section */

/* Begin PBXTargetDependency section */
		46F835E81F70DA2700913E3A /* PBXTargetDependency */ = {
			isa = PBXTargetDependency;
			target = 46F835DE1F70DA2700913E3A /* ImageShare */;
			targetProxy = 46F835E71F70DA2700913E3A /* PBXContainerItemProxy */;
		};
/* End PBXTargetDependency section */

/* Begin PBXVariantGroup section */
		46F103F61F6D481E00F429D6 /* Main.storyboard */ = {
			isa = PBXVariantGroup;
			children = (
				46F103F71F6D481E00F429D6 /* Base */,
			);
			name = Main.storyboard;
			sourceTree = "<group>";
		};
		46F103FB1F6D481E00F429D6 /* LaunchScreen.storyboard */ = {
			isa = PBXVariantGroup;
			children = (
				46F103FC1F6D481E00F429D6 /* Base */,
			);
			name = LaunchScreen.storyboard;
			sourceTree = "<group>";
		};
		46F835E31F70DA2700913E3A /* MainInterface.storyboard */ = {
			isa = PBXVariantGroup;
			children = (
				46F835E41F70DA2700913E3A /* Base */,
			);
			name = MainInterface.storyboard;
			sourceTree = "<group>";
		};
/* End PBXVariantGroup section */

/* Begin XCBuildConfiguration section */
		46F103FF1F6D481E00F429D6 /* Debug */ = {
			isa = XCBuildConfiguration;
			buildSettings = {
				ALWAYS_SEARCH_USER_PATHS = NO;
				CLANG_ANALYZER_NONNULL = YES;
				CLANG_ANALYZER_NUMBER_OBJECT_CONVERSION = YES_AGGRESSIVE;
				CLANG_CXX_LANGUAGE_STANDARD = "gnu++0x";
				CLANG_CXX_LIBRARY = "libc++";
				CLANG_ENABLE_MODULES = YES;
				CLANG_ENABLE_OBJC_ARC = YES;
				CLANG_WARN_BOOL_CONVERSION = YES;
				CLANG_WARN_CONSTANT_CONVERSION = YES;
				CLANG_WARN_DIRECT_OBJC_ISA_USAGE = YES_ERROR;
				CLANG_WARN_DOCUMENTATION_COMMENTS = YES;
				CLANG_WARN_EMPTY_BODY = YES;
				CLANG_WARN_ENUM_CONVERSION = YES;
				CLANG_WARN_INFINITE_RECURSION = YES;
				CLANG_WARN_INT_CONVERSION = YES;
				CLANG_WARN_OBJC_ROOT_CLASS = YES_ERROR;
				CLANG_WARN_SUSPICIOUS_MOVE = YES;
				CLANG_WARN_UNREACHABLE_CODE = YES;
				CLANG_WARN__DUPLICATE_METHOD_MATCH = YES;
				"CODE_SIGN_IDENTITY[sdk=iphoneos*]" = "iPhone Developer";
				COPY_PHASE_STRIP = NO;
				DEBUG_INFORMATION_FORMAT = dwarf;
				ENABLE_STRICT_OBJC_MSGSEND = YES;
				ENABLE_TESTABILITY = YES;
				GCC_C_LANGUAGE_STANDARD = gnu99;
				GCC_DYNAMIC_NO_PIC = NO;
				GCC_NO_COMMON_BLOCKS = YES;
				GCC_OPTIMIZATION_LEVEL = 0;
				GCC_PREPROCESSOR_DEFINITIONS = (
					"DEBUG=1",
					"$(inherited)",
				);
				GCC_WARN_64_TO_32_BIT_CONVERSION = YES;
				GCC_WARN_ABOUT_RETURN_TYPE = YES_ERROR;
				GCC_WARN_UNDECLARED_SELECTOR = YES;
				GCC_WARN_UNINITIALIZED_AUTOS = YES_AGGRESSIVE;
				GCC_WARN_UNUSED_FUNCTION = YES;
				GCC_WARN_UNUSED_VARIABLE = YES;
				IPHONEOS_DEPLOYMENT_TARGET = 10.3;
				MTL_ENABLE_DEBUG_INFO = YES;
				ONLY_ACTIVE_ARCH = YES;
				SDKROOT = iphoneos;
				SWIFT_ACTIVE_COMPILATION_CONDITIONS = DEBUG;
				SWIFT_OPTIMIZATION_LEVEL = "-Onone";
				TARGETED_DEVICE_FAMILY = "1,2";
			};
			name = Debug;
		};
		46F104001F6D481E00F429D6 /* Release */ = {
			isa = XCBuildConfiguration;
			buildSettings = {
				ALWAYS_SEARCH_USER_PATHS = NO;
				CLANG_ANALYZER_NONNULL = YES;
				CLANG_ANALYZER_NUMBER_OBJECT_CONVERSION = YES_AGGRESSIVE;
				CLANG_CXX_LANGUAGE_STANDARD = "gnu++0x";
				CLANG_CXX_LIBRARY = "libc++";
				CLANG_ENABLE_MODULES = YES;
				CLANG_ENABLE_OBJC_ARC = YES;
				CLANG_WARN_BOOL_CONVERSION = YES;
				CLANG_WARN_CONSTANT_CONVERSION = YES;
				CLANG_WARN_DIRECT_OBJC_ISA_USAGE = YES_ERROR;
				CLANG_WARN_DOCUMENTATION_COMMENTS = YES;
				CLANG_WARN_EMPTY_BODY = YES;
				CLANG_WARN_ENUM_CONVERSION = YES;
				CLANG_WARN_INFINITE_RECURSION = YES;
				CLANG_WARN_INT_CONVERSION = YES;
				CLANG_WARN_OBJC_ROOT_CLASS = YES_ERROR;
				CLANG_WARN_SUSPICIOUS_MOVE = YES;
				CLANG_WARN_UNREACHABLE_CODE = YES;
				CLANG_WARN__DUPLICATE_METHOD_MATCH = YES;
				"CODE_SIGN_IDENTITY[sdk=iphoneos*]" = "iPhone Developer";
				COPY_PHASE_STRIP = NO;
				DEBUG_INFORMATION_FORMAT = "dwarf-with-dsym";
				ENABLE_NS_ASSERTIONS = NO;
				ENABLE_STRICT_OBJC_MSGSEND = YES;
				GCC_C_LANGUAGE_STANDARD = gnu99;
				GCC_NO_COMMON_BLOCKS = YES;
				GCC_WARN_64_TO_32_BIT_CONVERSION = YES;
				GCC_WARN_ABOUT_RETURN_TYPE = YES_ERROR;
				GCC_WARN_UNDECLARED_SELECTOR = YES;
				GCC_WARN_UNINITIALIZED_AUTOS = YES_AGGRESSIVE;
				GCC_WARN_UNUSED_FUNCTION = YES;
				GCC_WARN_UNUSED_VARIABLE = YES;
				IPHONEOS_DEPLOYMENT_TARGET = 10.3;
				MTL_ENABLE_DEBUG_INFO = NO;
				SDKROOT = iphoneos;
				SWIFT_OPTIMIZATION_LEVEL = "-Owholemodule";
				TARGETED_DEVICE_FAMILY = "1,2";
				VALIDATE_PRODUCT = YES;
			};
			name = Release;
		};
		46F104021F6D481E00F429D6 /* Debug */ = {
			isa = XCBuildConfiguration;
			buildSettings = {
				ALWAYS_EMBED_SWIFT_STANDARD_LIBRARIES = YES;
				ASSETCATALOG_COMPILER_APPICON_NAME = AppIcon;
				CODE_SIGN_ENTITLEMENTS = ImagePicker/ImagePicker.entitlements;
				DEVELOPMENT_TEAM = NY45473NT8;
				INFOPLIST_FILE = ImagePicker/Info.plist;
				IPHONEOS_DEPLOYMENT_TARGET = 10.3;
				LD_RUNPATH_SEARCH_PATHS = "$(inherited) @executable_path/Frameworks";
				PRODUCT_BUNDLE_IDENTIFIER = com.nickelfox.testpush;
				PRODUCT_NAME = "$(TARGET_NAME)";
				SWIFT_VERSION = 3.0;
			};
			name = Debug;
		};
		46F104031F6D481E00F429D6 /* Release */ = {
			isa = XCBuildConfiguration;
			buildSettings = {
				ALWAYS_EMBED_SWIFT_STANDARD_LIBRARIES = YES;
				ASSETCATALOG_COMPILER_APPICON_NAME = AppIcon;
				CODE_SIGN_ENTITLEMENTS = ImagePicker/ImagePicker.entitlements;
				DEVELOPMENT_TEAM = NY45473NT8;
				INFOPLIST_FILE = ImagePicker/Info.plist;
				IPHONEOS_DEPLOYMENT_TARGET = 10.3;
				LD_RUNPATH_SEARCH_PATHS = "$(inherited) @executable_path/Frameworks";
				PRODUCT_BUNDLE_IDENTIFIER = com.nickelfox.testpush;
				PRODUCT_NAME = "$(TARGET_NAME)";
				SWIFT_VERSION = 3.0;
			};
			name = Release;
		};
		46F835EA1F70DA2700913E3A /* Debug */ = {
			isa = XCBuildConfiguration;
			buildSettings = {
				CODE_SIGN_ENTITLEMENTS = ImageShare/ImageShare.entitlements;
				DEVELOPMENT_TEAM = NY45473NT8;
				INFOPLIST_FILE = ImageShare/Info.plist;
				IPHONEOS_DEPLOYMENT_TARGET = 10.3;
				LD_RUNPATH_SEARCH_PATHS = "$(inherited) @executable_path/Frameworks @executable_path/../../Frameworks";
				PRODUCT_BUNDLE_IDENTIFIER = com.nickelfox.testpush.ImageShare;
				PRODUCT_NAME = "$(TARGET_NAME)";
				SKIP_INSTALL = YES;
				SWIFT_VERSION = 3.0;
			};
			name = Debug;
		};
		46F835EB1F70DA2700913E3A /* Release */ = {
			isa = XCBuildConfiguration;
			buildSettings = {
				CODE_SIGN_ENTITLEMENTS = ImageShare/ImageShare.entitlements;
				DEVELOPMENT_TEAM = NY45473NT8;
				INFOPLIST_FILE = ImageShare/Info.plist;
				IPHONEOS_DEPLOYMENT_TARGET = 10.3;
				LD_RUNPATH_SEARCH_PATHS = "$(inherited) @executable_path/Frameworks @executable_path/../../Frameworks";
				PRODUCT_BUNDLE_IDENTIFIER = com.nickelfox.testpush.ImageShare;
				PRODUCT_NAME = "$(TARGET_NAME)";
				SKIP_INSTALL = YES;
				SWIFT_VERSION = 3.0;
			};
			name = Release;
		};
/* End XCBuildConfiguration section */

/* Begin XCConfigurationList section */
		46F103EA1F6D481E00F429D6 /* Build configuration list for PBXProject "ImagePicker" */ = {
			isa = XCConfigurationList;
			buildConfigurations = (
				46F103FF1F6D481E00F429D6 /* Debug */,
				46F104001F6D481E00F429D6 /* Release */,
			);
			defaultConfigurationIsVisible = 0;
			defaultConfigurationName = Release;
		};
		46F104011F6D481E00F429D6 /* Build configuration list for PBXNativeTarget "ImagePicker" */ = {
			isa = XCConfigurationList;
			buildConfigurations = (
				46F104021F6D481E00F429D6 /* Debug */,
				46F104031F6D481E00F429D6 /* Release */,
			);
			defaultConfigurationIsVisible = 0;
			defaultConfigurationName = Release;
		};
		46F835EC1F70DA2700913E3A /* Build configuration list for PBXNativeTarget "ImageShare" */ = {
			isa = XCConfigurationList;
			buildConfigurations = (
				46F835EA1F70DA2700913E3A /* Debug */,
				46F835EB1F70DA2700913E3A /* Release */,
			);
			defaultConfigurationIsVisible = 0;
		};
/* End XCConfigurationList section */
	};
	rootObject = 46F103E71F6D481E00F429D6 /* Project object */;
}
